<Solution>
  <Project Path="Controller/Controller.csproj" />
  <Project Path="DH.Controller/DH.Controller.csproj" />
  <Project Path="DH.Entity/DH.Entity.csproj" />
  <Project Path="DH.Events/DH.Events.csproj" />
  <Project Path="DH.Tools/DH.Tools.csproj" />
  <Folder Name="/Analysis/" />
  <Folder Name="/ParTools/" />
</Solution>